
Microsoft Visual Studio Solution File, Format Version 12.00
# Visual Studio Version 17
VisualStudioVersion = 17.0.31717.71
MinimumVisualStudioVersion = 10.0.40219.1
Project("{FAE04EC0-301F-11D3-BF4B-00C04F79EFBC}") = "BuilderAsAParameter", "BuilderAsAParameter\BuilderAsAParameter.csproj", "{AA0557D9-FC76-482F-87B5-8488F8692993}"
EndProject
Global
	GlobalSection(SolutionConfigurationPlatforms) = preSolution
		Debug|Any CPU = Debug|Any CPU
		Release|Any CPU = Release|Any CPU
	EndGlobalSection
	GlobalSection(ProjectConfigurationPlatforms) = postSolution
		{AA0557D9-FC76-482F-87B5-8488F8692993}.Debug|Any CPU.ActiveCfg = Debug|Any CPU
		{AA0557D9-FC76-482F-87B5-8488F8692993}.Debug|Any CPU.Build.0 = Debug|Any CPU
		{AA0557D9-FC76-482F-87B5-8488F8692993}.Release|Any CPU.ActiveCfg = Release|Any CPU
		{AA0557D9-FC76-482F-87B5-8488F8692993}.Release|Any CPU.Build.0 = Release|Any CPU
	EndGlobalSection
	GlobalSection(SolutionProperties) = preSolution
		HideSolutionNode = FALSE
	EndGlobalSection
	GlobalSection(ExtensibilityGlobals) = postSolution
		SolutionGuid = {87DEE8DB-AAB9-4161-9EC5-F35CBFFD3A38}
	EndGlobalSection
EndGlobal
